
Microsoft Visual Studio Solution File, Format Version 12.00
# Visual Studio Version 17
VisualStudioVersion = 17.9.34902.65
MinimumVisualStudioVersion = 10.0.40219.1
Project("{FAE04EC0-301F-11D3-BF4B-00C04F79EFBC}") = "CrmApiV2", "CrmApiV2\CrmApiV2.csproj", "{33D25D37-E042-45FD-A723-F1AD2CDEDE65}"
EndProject
Global
	GlobalSection(SolutionConfigurationPlatforms) = preSolution
		Debug|Any CPU = Debug|Any CPU
		Release|Any CPU = Release|Any CPU
	EndGlobalSection
	GlobalSection(ProjectConfigurationPlatforms) = postSolution
		{33D25D37-E042-45FD-A723-F1AD2CDEDE65}.Debug|Any CPU.ActiveCfg = Debug|Any CPU
		{33D25D37-E042-45FD-A723-F1AD2CDEDE65}.Debug|Any CPU.Build.0 = Debug|Any CPU
		{33D25D37-E042-45FD-A723-F1AD2CDEDE65}.Release|Any CPU.ActiveCfg = Release|Any CPU
		{33D25D37-E042-45FD-A723-F1AD2CDEDE65}.Release|Any CPU.Build.0 = Release|Any CPU
	EndGlobalSection
	GlobalSection(SolutionProperties) = preSolution
		HideSolutionNode = FALSE
	EndGlobalSection
	GlobalSection(ExtensibilityGlobals) = postSolution
		SolutionGuid = {96B59586-4C51-4238-9F72-DFD740E1B1CA}
	EndGlobalSection
EndGlobal
